{
  "nodes": {
    "nixpkgs": {
      "locked": {
        "lastModified": 1599600555,
        "narHash": "sha256-YIb4N5bZwGJ5ZBKOuMcuhIwU/hFVCWxhFYgDlTQ3Xjs=",
        "owner": "NixOS",
        "repo": "nixpkgs",
        "rev": "b99096b1f06c1658e0da837c02b82514d7f281ba",
        "type": "github"
      },
      "original": {
        "id": "nixpkgs",
        "type": "indirect"
      }
    },
    "root": {
      "inputs": {
        "nixpkgs": "nixpkgs"
      }
    }
  },
  "root": "root",
  "version": 7
}
